// !$*UTF8*$!
{
	archiveVersion = 1;
	classes = {
	};
	objectVersion = 50;
	objects = {

/* Begin PBXBuildFile section */
		5E620F0625FF0CA600897CCB /* AppDelegate.swift in Sources */ = {isa = PBXBuildFile; fileRef = 5E620F0525FF0CA600897CCB /* AppDelegate.swift */; };
		5E620F0825FF0CA600897CCB /* SceneDelegate.swift in Sources */ = {isa = PBXBuildFile; fileRef = 5E620F0725FF0CA600897CCB /* SceneDelegate.swift */; };
		5E620F0A25FF0CA600897CCB /* ViewController.swift in Sources */ = {isa = PBXBuildFile; fileRef = 5E620F0925FF0CA600897CCB /* ViewController.swift */; };
		5E620F0D25FF0CA600897CCB /* Main.storyboard in Resources */ = {isa = PBXBuildFile; fileRef = 5E620F0B25FF0CA600897CCB /* Main.storyboard */; };
		5E620F1025FF0CA600897CCB /* Youtube_Clone.xcdatamodeld in Sources */ = {isa = PBXBuildFile; fileRef = 5E620F0E25FF0CA600897CCB /* Youtube_Clone.xcdatamodeld */; };
		5E620F1225FF0CA800897CCB /* Assets.xcassets in Resources */ = {isa = PBXBuildFile; fileRef = 5E620F1125FF0CA800897CCB /* Assets.xcassets */; };
		5E620F1525FF0CA800897CCB /* LaunchScreen.storyboard in Resources */ = {isa = PBXBuildFile; fileRef = 5E620F1325FF0CA800897CCB /* LaunchScreen.storyboard */; };
		5E620F1E25FF0D8E00897CCB /* Constants.swift in Sources */ = {isa = PBXBuildFile; fileRef = 5E620F1D25FF0D8E00897CCB /* Constants.swift */; };
		5E620F2125FF123E00897CCB /* Video.swift in Sources */ = {isa = PBXBuildFile; fileRef = 5E620F2025FF123E00897CCB /* Video.swift */; };
		5E620F2425FF131900897CCB /* Model.swift in Sources */ = {isa = PBXBuildFile; fileRef = 5E620F2325FF131900897CCB /* Model.swift */; };
/* End PBXBuildFile section */

/* Begin PBXFileReference section */
		5E620F0225FF0CA600897CCB /* Youtube Clone.app */ = {isa = PBXFileReference; explicitFileType = wrapper.application; includeInIndex = 0; path = "Youtube Clone.app"; sourceTree = BUILT_PRODUCTS_DIR; };
		5E620F0525FF0CA600897CCB /* AppDelegate.swift */ = {isa = PBXFileReference; lastKnownFileType = sourcecode.swift; path = AppDelegate.swift; sourceTree = "<group>"; };
		5E620F0725FF0CA600897CCB /* SceneDelegate.swift */ = {isa = PBXFileReference; lastKnownFileType = sourcecode.swift; path = SceneDelegate.swift; sourceTree = "<group>"; };
		5E620F0925FF0CA600897CCB /* ViewController.swift */ = {isa = PBXFileReference; lastKnownFileType = sourcecode.swift; path = ViewController.swift; sourceTree = "<group>"; };
		5E620F0C25FF0CA600897CCB /* Base */ = {isa = PBXFileReference; lastKnownFileType = file.storyboard; name = Base; path = Base.lproj/Main.storyboard; sourceTree = "<group>"; };
		5E620F0F25FF0CA600897CCB /* Youtube_Clone.xcdatamodel */ = {isa = PBXFileReference; lastKnownFileType = wrapper.xcdatamodel; path = Youtube_Clone.xcdatamodel; sourceTree = "<group>"; };
		5E620F1125FF0CA800897CCB /* Assets.xcassets */ = {isa = PBXFileReference; lastKnownFileType = folder.assetcatalog; path = Assets.xcassets; sourceTree = "<group>"; };
		5E620F1425FF0CA800897CCB /* Base */ = {isa = PBXFileReference; lastKnownFileType = file.storyboard; name = Base; path = Base.lproj/LaunchScreen.storyboard; sourceTree = "<group>"; };
		5E620F1625FF0CA800897CCB /* Info.plist */ = {isa = PBXFileReference; lastKnownFileType = text.plist.xml; path = Info.plist; sourceTree = "<group>"; };
		5E620F1D25FF0D8E00897CCB /* Constants.swift */ = {isa = PBXFileReference; lastKnownFileType = sourcecode.swift; path = Constants.swift; sourceTree = "<group>"; };
		5E620F2025FF123E00897CCB /* Video.swift */ = {isa = PBXFileReference; lastKnownFileType = sourcecode.swift; path = Video.swift; sourceTree = "<group>"; };
		5E620F2325FF131900897CCB /* Model.swift */ = {isa = PBXFileReference; lastKnownFileType = sourcecode.swift; path = Model.swift; sourceTree = "<group>"; };
/* End PBXFileReference section */

/* Begin PBXFrameworksBuildPhase section */
		5E620EFF25FF0CA600897CCB /* Frameworks */ = {
			isa = PBXFrameworksBuildPhase;
			buildActionMask = 2147483647;
			files = (
			);
			runOnlyForDeploymentPostprocessing = 0;
		};
/* End PBXFrameworksBuildPhase section */

/* Begin PBXGroup section */
		5E620EF925FF0CA600897CCB = {
			isa = PBXGroup;
			children = (
				5E620F0425FF0CA600897CCB /* Youtube Clone */,
				5E620F0325FF0CA600897CCB /* Products */,
			);
			sourceTree = "<group>";
		};
		5E620F0325FF0CA600897CCB /* Products */ = {
			isa = PBXGroup;
			children = (
				5E620F0225FF0CA600897CCB /* Youtube Clone.app */,
			);
			name = Products;
			sourceTree = "<group>";
		};
		5E620F0425FF0CA600897CCB /* Youtube Clone */ = {
			isa = PBXGroup;
			children = (
				5E620F0525FF0CA600897CCB /* AppDelegate.swift */,
				5E620F0725FF0CA600897CCB /* SceneDelegate.swift */,
				5E620F0925FF0CA600897CCB /* ViewController.swift */,
				5E620F0B25FF0CA600897CCB /* Main.storyboard */,
				5E620F1125FF0CA800897CCB /* Assets.xcassets */,
				5E620F1325FF0CA800897CCB /* LaunchScreen.storyboard */,
				5E620F1625FF0CA800897CCB /* Info.plist */,
				5E620F0E25FF0CA600897CCB /* Youtube_Clone.xcdatamodeld */,
				5E620F1D25FF0D8E00897CCB /* Constants.swift */,
				5E620F2025FF123E00897CCB /* Video.swift */,
				5E620F2325FF131900897CCB /* Model.swift */,
			);
			path = "Youtube Clone";
			sourceTree = "<group>";
		};
/* End PBXGroup section */

/* Begin PBXNativeTarget section */
		5E620F0125FF0CA600897CCB /* Youtube Clone */ = {
			isa = PBXNativeTarget;
			buildConfigurationList = 5E620F1925FF0CA800897CCB /* Build configuration list for PBXNativeTarget "Youtube Clone" */;
			buildPhases = (
				5E620EFE25FF0CA600897CCB /* Sources */,
				5E620EFF25FF0CA600897CCB /* Frameworks */,
				5E620F0025FF0CA600897CCB /* Resources */,
			);
			buildRules = (
			);
			dependencies = (
			);
			name = "Youtube Clone";
			productName = "Youtube Clone";
			productReference = 5E620F0225FF0CA600897CCB /* Youtube Clone.app */;
			productType = "com.apple.product-type.application";
		};
/* End PBXNativeTarget section */

/* Begin PBXProject section */
		5E620EFA25FF0CA600897CCB /* Project object */ = {
			isa = PBXProject;
			attributes = {
				LastSwiftUpdateCheck = 1210;
				LastUpgradeCheck = 1210;
				TargetAttributes = {
					5E620F0125FF0CA600897CCB = {
						CreatedOnToolsVersion = 12.1;
					};
				};
			};
			buildConfigurationList = 5E620EFD25FF0CA600897CCB /* Build configuration list for PBXProject "Youtube Clone" */;
			compatibilityVersion = "Xcode 9.3";
			developmentRegion = en;
			hasScannedForEncodings = 0;
			knownRegions = (
				en,
				Base,
			);
			mainGroup = 5E620EF925FF0CA600897CCB;
			productRefGroup = 5E620F0325FF0CA600897CCB /* Products */;
			projectDirPath = "";
			projectRoot = "";
			targets = (
				5E620F0125FF0CA600897CCB /* Youtube Clone */,
			);
		};
/* End PBXProject section */

/* Begin PBXResourcesBuildPhase section */
		5E620F0025FF0CA600897CCB /* Resources */ = {
			isa = PBXResourcesBuildPhase;
			buildActionMask = 2147483647;
			files = (
				5E620F1525FF0CA800897CCB /* LaunchScreen.storyboard in Resources */,
				5E620F1225FF0CA800897CCB /* Assets.xcassets in Resources */,
				5E620F0D25FF0CA600897CCB /* Main.storyboard in Resources */,
			);
			runOnlyForDeploymentPostprocessing = 0;
		};
/* End PBXResourcesBuildPhase section */

/* Begin PBXSourcesBuildPhase section */
		5E620EFE25FF0CA600897CCB /* Sources */ = {
			isa = PBXSourcesBuildPhase;
			buildActionMask = 2147483647;
			files = (
				5E620F2425FF131900897CCB /* Model.swift in Sources */,
				5E620F1E25FF0D8E00897CCB /* Constants.swift in Sources */,
				5E620F2125FF123E00897CCB /* Video.swift in Sources */,
				5E620F0A25FF0CA600897CCB /* ViewController.swift in Sources */,
				5E620F0625FF0CA600897CCB /* AppDelegate.swift in Sources */,
				5E620F0825FF0CA600897CCB /* SceneDelegate.swift in Sources */,
				5E620F1025FF0CA600897CCB /* Youtube_Clone.xcdatamodeld in Sources */,
			);
			runOnlyForDeploymentPostprocessing = 0;
		};
/* End PBXSourcesBuildPhase section */

/* Begin PBXVariantGroup section */
		5E620F0B25FF0CA600897CCB /* Main.storyboard */ = {
			isa = PBXVariantGroup;
			children = (
				5E620F0C25FF0CA600897CCB /* Base */,
			);
			name = Main.storyboard;
			sourceTree = "<group>";
		};
		5E620F1325FF0CA800897CCB /* LaunchScreen.storyboard */ = {
			isa = PBXVariantGroup;
			children = (
				5E620F1425FF0CA800897CCB /* Base */,
			);
			name = LaunchScreen.storyboard;
			sourceTree = "<group>";
		};
/* End PBXVariantGroup section */

/* Begin XCBuildConfiguration section */
		5E620F1725FF0CA800897CCB /* Debug */ = {
			isa = XCBuildConfiguration;
			buildSettings = {
				ALWAYS_SEARCH_USER_PATHS = NO;
				CLANG_ANALYZER_NONNULL = YES;
				CLANG_ANALYZER_NUMBER_OBJECT_CONVERSION = YES_AGGRESSIVE;
				CLANG_CXX_LANGUAGE_STANDARD = "gnu++14";
				CLANG_CXX_LIBRARY = "libc++";
				CLANG_ENABLE_MODULES = YES;
				CLANG_ENABLE_OBJC_ARC = YES;
				CLANG_ENABLE_OBJC_WEAK = YES;
				CLANG_WARN_BLOCK_CAPTURE_AUTORELEASING = YES;
				CLANG_WARN_BOOL_CONVERSION = YES;
				CLANG_WARN_COMMA = YES;
				CLANG_WARN_CONSTANT_CONVERSION = YES;
				CLANG_WARN_DEPRECATED_OBJC_IMPLEMENTATIONS = YES;
				CLANG_WARN_DIRECT_OBJC_ISA_USAGE = YES_ERROR;
				CLANG_WARN_DOCUMENTATION_COMMENTS = YES;
				CLANG_WARN_EMPTY_BODY = YES;
				CLANG_WARN_ENUM_CONVERSION = YES;
				CLANG_WARN_INFINITE_RECURSION = YES;
				CLANG_WARN_INT_CONVERSION = YES;
				CLANG_WARN_NON_LITERAL_NULL_CONVERSION = YES;
				CLANG_WARN_OBJC_IMPLICIT_RETAIN_SELF = YES;
				CLANG_WARN_OBJC_LITERAL_CONVERSION = YES;
				CLANG_WARN_OBJC_ROOT_CLASS = YES_ERROR;
				CLANG_WARN_QUOTED_INCLUDE_IN_FRAMEWORK_HEADER = YES;
				CLANG_WARN_RANGE_LOOP_ANALYSIS = YES;
				CLANG_WARN_STRICT_PROTOTYPES = YES;
				CLANG_WARN_SUSPICIOUS_MOVE = YES;
				CLANG_WARN_UNGUARDED_AVAILABILITY = YES_AGGRESSIVE;
				CLANG_WARN_UNREACHABLE_CODE = YES;
				CLANG_WARN__DUPLICATE_METHOD_MATCH = YES;
				COPY_PHASE_STRIP = NO;
				DEBUG_INFORMATION_FORMAT = dwarf;
				ENABLE_STRICT_OBJC_MSGSEND = YES;
				ENABLE_TESTABILITY = YES;
				GCC_C_LANGUAGE_STANDARD = gnu11;
				GCC_DYNAMIC_NO_PIC = NO;
				GCC_NO_COMMON_BLOCKS = YES;
				GCC_OPTIMIZATION_LEVEL = 0;
				GCC_PREPROCESSOR_DEFINITIONS = (
					"DEBUG=1",
					"$(inherited)",
				);
				GCC_WARN_64_TO_32_BIT_CONVERSION = YES;
				GCC_WARN_ABOUT_RETURN_TYPE = YES_ERROR;
				GCC_WARN_UNDECLARED_SELECTOR = YES;
				GCC_WARN_UNINITIALIZED_AUTOS = YES_AGGRESSIVE;
				GCC_WARN_UNUSED_FUNCTION = YES;
				GCC_WARN_UNUSED_VARIABLE = YES;
				IPHONEOS_DEPLOYMENT_TARGET = 14.1;
				MTL_ENABLE_DEBUG_INFO = INCLUDE_SOURCE;
				MTL_FAST_MATH = YES;
				ONLY_ACTIVE_ARCH = YES;
				SDKROOT = iphoneos;
				SWIFT_ACTIVE_COMPILATION_CONDITIONS = DEBUG;
				SWIFT_OPTIMIZATION_LEVEL = "-Onone";
			};
			name = Debug;
		};
		5E620F1825FF0CA800897CCB /* Release */ = {
			isa = XCBuildConfiguration;
			buildSettings = {
				ALWAYS_SEARCH_USER_PATHS = NO;
				CLANG_ANALYZER_NONNULL = YES;
				CLANG_ANALYZER_NUMBER_OBJECT_CONVERSION = YES_AGGRESSIVE;
				CLANG_CXX_LANGUAGE_STANDARD = "gnu++14";
				CLANG_CXX_LIBRARY = "libc++";
				CLANG_ENABLE_MODULES = YES;
				CLANG_ENABLE_OBJC_ARC = YES;
				CLANG_ENABLE_OBJC_WEAK = YES;
				CLANG_WARN_BLOCK_CAPTURE_AUTORELEASING = YES;
				CLANG_WARN_BOOL_CONVERSION = YES;
				CLANG_WARN_COMMA = YES;
				CLANG_WARN_CONSTANT_CONVERSION = YES;
				CLANG_WARN_DEPRECATED_OBJC_IMPLEMENTATIONS = YES;
				CLANG_WARN_DIRECT_OBJC_ISA_USAGE = YES_ERROR;
				CLANG_WARN_DOCUMENTATION_COMMENTS = YES;
				CLANG_WARN_EMPTY_BODY = YES;
				CLANG_WARN_ENUM_CONVERSION = YES;
				CLANG_WARN_INFINITE_RECURSION = YES;
				CLANG_WARN_INT_CONVERSION = YES;
				CLANG_WARN_NON_LITERAL_NULL_CONVERSION = YES;
				CLANG_WARN_OBJC_IMPLICIT_RETAIN_SELF = YES;
				CLANG_WARN_OBJC_LITERAL_CONVERSION = YES;
				CLANG_WARN_OBJC_ROOT_CLASS = YES_ERROR;
				CLANG_WARN_QUOTED_INCLUDE_IN_FRAMEWORK_HEADER = YES;
				CLANG_WARN_RANGE_LOOP_ANALYSIS = YES;
				CLANG_WARN_STRICT_PROTOTYPES = YES;
				CLANG_WARN_SUSPICIOUS_MOVE = YES;
				CLANG_WARN_UNGUARDED_AVAILABILITY = YES_AGGRESSIVE;
				CLANG_WARN_UNREACHABLE_CODE = YES;
				CLANG_WARN__DUPLICATE_METHOD_MATCH = YES;
				COPY_PHASE_STRIP = NO;
				DEBUG_INFORMATION_FORMAT = "dwarf-with-dsym";
				ENABLE_NS_ASSERTIONS = NO;
				ENABLE_STRICT_OBJC_MSGSEND = YES;
				GCC_C_LANGUAGE_STANDARD = gnu11;
				GCC_NO_COMMON_BLOCKS = YES;
				GCC_WARN_64_TO_32_BIT_CONVERSION = YES;
				GCC_WARN_ABOUT_RETURN_TYPE = YES_ERROR;
				GCC_WARN_UNDECLARED_SELECTOR = YES;
				GCC_WARN_UNINITIALIZED_AUTOS = YES_AGGRESSIVE;
				GCC_WARN_UNUSED_FUNCTION = YES;
				GCC_WARN_UNUSED_VARIABLE = YES;
				IPHONEOS_DEPLOYMENT_TARGET = 14.1;
				MTL_ENABLE_DEBUG_INFO = NO;
				MTL_FAST_MATH = YES;
				SDKROOT = iphoneos;
				SWIFT_COMPILATION_MODE = wholemodule;
				SWIFT_OPTIMIZATION_LEVEL = "-O";
				VALIDATE_PRODUCT = YES;
			};
			name = Release;
		};
		5E620F1A25FF0CA800897CCB /* Debug */ = {
			isa = XCBuildConfiguration;
			buildSettings = {
				ASSETCATALOG_COMPILER_APPICON_NAME = AppIcon;
				ASSETCATALOG_COMPILER_GLOBAL_ACCENT_COLOR_NAME = AccentColor;
				CODE_SIGN_STYLE = Automatic;
				DEVELOPMENT_TEAM = NH8YXXJJ73;
				INFOPLIST_FILE = "Youtube Clone/Info.plist";
				LD_RUNPATH_SEARCH_PATHS = (
					"$(inherited)",
					"@executable_path/Frameworks",
				);
				PRODUCT_BUNDLE_IDENTIFIER = "com.saidganteng.Youtube-Clone";
				PRODUCT_NAME = "$(TARGET_NAME)";
				SWIFT_VERSION = 5.0;
				TARGETED_DEVICE_FAMILY = "1,2";
			};
			name = Debug;
		};
		5E620F1B25FF0CA800897CCB /* Release */ = {
			isa = XCBuildConfiguration;
			buildSettings = {
				ASSETCATALOG_COMPILER_APPICON_NAME = AppIcon;
				ASSETCATALOG_COMPILER_GLOBAL_ACCENT_COLOR_NAME = AccentColor;
				CODE_SIGN_STYLE = Automatic;
				DEVELOPMENT_TEAM = NH8YXXJJ73;
				INFOPLIST_FILE = "Youtube Clone/Info.plist";
				LD_RUNPATH_SEARCH_PATHS = (
					"$(inherited)",
					"@executable_path/Frameworks",
				);
				PRODUCT_BUNDLE_IDENTIFIER = "com.saidganteng.Youtube-Clone";
				PRODUCT_NAME = "$(TARGET_NAME)";
				SWIFT_VERSION = 5.0;
				TARGETED_DEVICE_FAMILY = "1,2";
			};
			name = Release;
		};
/* End XCBuildConfiguration section */

/* Begin XCConfigurationList section */
		5E620EFD25FF0CA600897CCB /* Build configuration list for PBXProject "Youtube Clone" */ = {
			isa = XCConfigurationList;
			buildConfigurations = (
				5E620F1725FF0CA800897CCB /* Debug */,
				5E620F1825FF0CA800897CCB /* Release */,
			);
			defaultConfigurationIsVisible = 0;
			defaultConfigurationName = Release;
		};
		5E620F1925FF0CA800897CCB /* Build configuration list for PBXNativeTarget "Youtube Clone" */ = {
			isa = XCConfigurationList;
			buildConfigurations = (
				5E620F1A25FF0CA800897CCB /* Debug */,
				5E620F1B25FF0CA800897CCB /* Release */,
			);
			defaultConfigurationIsVisible = 0;
			defaultConfigurationName = Release;
		};
/* End XCConfigurationList section */

/* Begin XCVersionGroup section */
		5E620F0E25FF0CA600897CCB /* Youtube_Clone.xcdatamodeld */ = {
			isa = XCVersionGroup;
			children = (
				5E620F0F25FF0CA600897CCB /* Youtube_Clone.xcdatamodel */,
			);
			currentVersion = 5E620F0F25FF0CA600897CCB /* Youtube_Clone.xcdatamodel */;
			path = Youtube_Clone.xcdatamodeld;
			sourceTree = "<group>";
			versionGroupType = wrapper.xcdatamodel;
		};
/* End XCVersionGroup section */
	};
	rootObject = 5E620EFA25FF0CA600897CCB /* Project object */;
}
